// !$*UTF8*$!
{
	archiveVersion = 1;
	classes = {
	};
	objectVersion = 50;
	objects = {

/* Begin PBXBuildFile section */
		4578E9762540A6F30086D8AB /* AppDelegate.swift in Sources */ = {isa = PBXBuildFile; fileRef = 4578E9752540A6F30086D8AB /* AppDelegate.swift */; };
		4578E9782540A6F30086D8AB /* SceneDelegate.swift in Sources */ = {isa = PBXBuildFile; fileRef = 4578E9772540A6F30086D8AB /* SceneDelegate.swift */; };
		4578E97A2540A6F30086D8AB /* DogTableViewController.swift in Sources */ = {isa = PBXBuildFile; fileRef = 4578E9792540A6F30086D8AB /* DogTableViewController.swift */; };
		4578E97D2540A6F30086D8AB /* Main.storyboard in Resources */ = {isa = PBXBuildFile; fileRef = 4578E97B2540A6F30086D8AB /* Main.storyboard */; };
		4578E97F2540A6F50086D8AB /* Assets.xcassets in Resources */ = {isa = PBXBuildFile; fileRef = 4578E97E2540A6F50086D8AB /* Assets.xcassets */; };
		4578E9822540A6F50086D8AB /* LaunchScreen.storyboard in Resources */ = {isa = PBXBuildFile; fileRef = 4578E9802540A6F50086D8AB /* LaunchScreen.storyboard */; };
		4578E98A2540AA330086D8AB /* Dog.swift in Sources */ = {isa = PBXBuildFile; fileRef = 4578E9892540AA330086D8AB /* Dog.swift */; };
		4578E9B22543455A0086D8AB /* DogTableViewCell.swift in Sources */ = {isa = PBXBuildFile; fileRef = 4578E9B12543455A0086D8AB /* DogTableViewCell.swift */; };
/* End PBXBuildFile section */

/* Begin PBXFileReference section */
		4578E9722540A6F30086D8AB /* TableViewFunS1.app */ = {isa = PBXFileReference; explicitFileType = wrapper.application; includeInIndex = 0; path = TableViewFunS1.app; sourceTree = BUILT_PRODUCTS_DIR; };
		4578E9752540A6F30086D8AB /* AppDelegate.swift */ = {isa = PBXFileReference; lastKnownFileType = sourcecode.swift; path = AppDelegate.swift; sourceTree = "<group>"; };
		4578E9772540A6F30086D8AB /* SceneDelegate.swift */ = {isa = PBXFileReference; lastKnownFileType = sourcecode.swift; path = SceneDelegate.swift; sourceTree = "<group>"; };
		4578E9792540A6F30086D8AB /* DogTableViewController.swift */ = {isa = PBXFileReference; lastKnownFileType = sourcecode.swift; path = DogTableViewController.swift; sourceTree = "<group>"; };
		4578E97C2540A6F30086D8AB /* Base */ = {isa = PBXFileReference; lastKnownFileType = file.storyboard; name = Base; path = Base.lproj/Main.storyboard; sourceTree = "<group>"; };
		4578E97E2540A6F50086D8AB /* Assets.xcassets */ = {isa = PBXFileReference; lastKnownFileType = folder.assetcatalog; path = Assets.xcassets; sourceTree = "<group>"; };
		4578E9812540A6F50086D8AB /* Base */ = {isa = PBXFileReference; lastKnownFileType = file.storyboard; name = Base; path = Base.lproj/LaunchScreen.storyboard; sourceTree = "<group>"; };
		4578E9832540A6F50086D8AB /* Info.plist */ = {isa = PBXFileReference; lastKnownFileType = text.plist.xml; path = Info.plist; sourceTree = "<group>"; };
		4578E9892540AA330086D8AB /* Dog.swift */ = {isa = PBXFileReference; lastKnownFileType = sourcecode.swift; path = Dog.swift; sourceTree = "<group>"; };
		4578E9B12543455A0086D8AB /* DogTableViewCell.swift */ = {isa = PBXFileReference; lastKnownFileType = sourcecode.swift; path = DogTableViewCell.swift; sourceTree = "<group>"; };
/* End PBXFileReference section */

/* Begin PBXFrameworksBuildPhase section */
		4578E96F2540A6F30086D8AB /* Frameworks */ = {
			isa = PBXFrameworksBuildPhase;
			buildActionMask = 2147483647;
			files = (
			);
			runOnlyForDeploymentPostprocessing = 0;
		};
/* End PBXFrameworksBuildPhase section */

/* Begin PBXGroup section */
		4578E9692540A6F30086D8AB = {
			isa = PBXGroup;
			children = (
				4578E9742540A6F30086D8AB /* TableViewFunS1 */,
				4578E9732540A6F30086D8AB /* Products */,
			);
			sourceTree = "<group>";
		};
		4578E9732540A6F30086D8AB /* Products */ = {
			isa = PBXGroup;
			children = (
				4578E9722540A6F30086D8AB /* TableViewFunS1.app */,
			);
			name = Products;
			sourceTree = "<group>";
		};
		4578E9742540A6F30086D8AB /* TableViewFunS1 */ = {
			isa = PBXGroup;
			children = (
				4578E9752540A6F30086D8AB /* AppDelegate.swift */,
				4578E9772540A6F30086D8AB /* SceneDelegate.swift */,
				4578E9792540A6F30086D8AB /* DogTableViewController.swift */,
				4578E97B2540A6F30086D8AB /* Main.storyboard */,
				4578E97E2540A6F50086D8AB /* Assets.xcassets */,
				4578E9802540A6F50086D8AB /* LaunchScreen.storyboard */,
				4578E9832540A6F50086D8AB /* Info.plist */,
				4578E9892540AA330086D8AB /* Dog.swift */,
				4578E9B12543455A0086D8AB /* DogTableViewCell.swift */,
			);
			path = TableViewFunS1;
			sourceTree = "<group>";
		};
/* End PBXGroup section */

/* Begin PBXNativeTarget section */
		4578E9712540A6F30086D8AB /* TableViewFunS1 */ = {
			isa = PBXNativeTarget;
			buildConfigurationList = 4578E9862540A6F50086D8AB /* Build configuration list for PBXNativeTarget "TableViewFunS1" */;
			buildPhases = (
				4578E96E2540A6F30086D8AB /* Sources */,
				4578E96F2540A6F30086D8AB /* Frameworks */,
				4578E9702540A6F30086D8AB /* Resources */,
			);
			buildRules = (
			);
			dependencies = (
			);
			name = TableViewFunS1;
			productName = TableViewFunS1;
			productReference = 4578E9722540A6F30086D8AB /* TableViewFunS1.app */;
			productType = "com.apple.product-type.application";
		};
/* End PBXNativeTarget section */

/* Begin PBXProject section */
		4578E96A2540A6F30086D8AB /* Project object */ = {
			isa = PBXProject;
			attributes = {
				LastSwiftUpdateCheck = 1170;
				LastUpgradeCheck = 1170;
				ORGANIZATIONNAME = "Gina Sprint";
				TargetAttributes = {
					4578E9712540A6F30086D8AB = {
						CreatedOnToolsVersion = 11.7;
					};
				};
			};
			buildConfigurationList = 4578E96D2540A6F30086D8AB /* Build configuration list for PBXProject "TableViewFunS1" */;
			compatibilityVersion = "Xcode 9.3";
			developmentRegion = en;
			hasScannedForEncodings = 0;
			knownRegions = (
				en,
				Base,
			);
			mainGroup = 4578E9692540A6F30086D8AB;
			productRefGroup = 4578E9732540A6F30086D8AB /* Products */;
			projectDirPath = "";
			projectRoot = "";
			targets = (
				4578E9712540A6F30086D8AB /* TableViewFunS1 */,
			);
		};
/* End PBXProject section */

/* Begin PBXResourcesBuildPhase section */
		4578E9702540A6F30086D8AB /* Resources */ = {
			isa = PBXResourcesBuildPhase;
			buildActionMask = 2147483647;
			files = (
				4578E9822540A6F50086D8AB /* LaunchScreen.storyboard in Resources */,
				4578E97F2540A6F50086D8AB /* Assets.xcassets in Resources */,
				4578E97D2540A6F30086D8AB /* Main.storyboard in Resources */,
			);
			runOnlyForDeploymentPostprocessing = 0;
		};
/* End PBXResourcesBuildPhase section */

/* Begin PBXSourcesBuildPhase section */
		4578E96E2540A6F30086D8AB /* Sources */ = {
			isa = PBXSourcesBuildPhase;
			buildActionMask = 2147483647;
			files = (
				4578E97A2540A6F30086D8AB /* DogTableViewController.swift in Sources */,
				4578E9762540A6F30086D8AB /* AppDelegate.swift in Sources */,
				4578E9B22543455A0086D8AB /* DogTableViewCell.swift in Sources */,
				4578E98A2540AA330086D8AB /* Dog.swift in Sources */,
				4578E9782540A6F30086D8AB /* SceneDelegate.swift in Sources */,
			);
			runOnlyForDeploymentPostprocessing = 0;
		};
/* End PBXSourcesBuildPhase section */

/* Begin PBXVariantGroup section */
		4578E97B2540A6F30086D8AB /* Main.storyboard */ = {
			isa = PBXVariantGroup;
			children = (
				4578E97C2540A6F30086D8AB /* Base */,
			);
			name = Main.storyboard;
			sourceTree = "<group>";
		};
		4578E9802540A6F50086D8AB /* LaunchScreen.storyboard */ = {
			isa = PBXVariantGroup;
			children = (
				4578E9812540A6F50086D8AB /* Base */,
			);
			name = LaunchScreen.storyboard;
			sourceTree = "<group>";
		};
/* End PBXVariantGroup section */

/* Begin XCBuildConfiguration section */
		4578E9842540A6F50086D8AB /* Debug */ = {
			isa = XCBuildConfiguration;
			buildSettings = {
				ALWAYS_SEARCH_USER_PATHS = NO;
				CLANG_ANALYZER_NONNULL = YES;
				CLANG_ANALYZER_NUMBER_OBJECT_CONVERSION = YES_AGGRESSIVE;
				CLANG_CXX_LANGUAGE_STANDARD = "gnu++14";
				CLANG_CXX_LIBRARY = "libc++";
				CLANG_ENABLE_MODULES = YES;
				CLANG_ENABLE_OBJC_ARC = YES;
				CLANG_ENABLE_OBJC_WEAK = YES;
				CLANG_WARN_BLOCK_CAPTURE_AUTORELEASING = YES;
				CLANG_WARN_BOOL_CONVERSION = YES;
				CLANG_WARN_COMMA = YES;
				CLANG_WARN_CONSTANT_CONVERSION = YES;
				CLANG_WARN_DEPRECATED_OBJC_IMPLEMENTATIONS = YES;
				CLANG_WARN_DIRECT_OBJC_ISA_USAGE = YES_ERROR;
				CLANG_WARN_DOCUMENTATION_COMMENTS = YES;
				CLANG_WARN_EMPTY_BODY = YES;
				CLANG_WARN_ENUM_CONVERSION = YES;
				CLANG_WARN_INFINITE_RECURSION = YES;
				CLANG_WARN_INT_CONVERSION = YES;
				CLANG_WARN_NON_LITERAL_NULL_CONVERSION = YES;
				CLANG_WARN_OBJC_IMPLICIT_RETAIN_SELF = YES;
				CLANG_WARN_OBJC_LITERAL_CONVERSION = YES;
				CLANG_WARN_OBJC_ROOT_CLASS = YES_ERROR;
				CLANG_WARN_RANGE_LOOP_ANALYSIS = YES;
				CLANG_WARN_STRICT_PROTOTYPES = YES;
				CLANG_WARN_SUSPICIOUS_MOVE = YES;
				CLANG_WARN_UNGUARDED_AVAILABILITY = YES_AGGRESSIVE;
				CLANG_WARN_UNREACHABLE_CODE = YES;
				CLANG_WARN__DUPLICATE_METHOD_MATCH = YES;
				COPY_PHASE_STRIP = NO;
				DEBUG_INFORMATION_FORMAT = dwarf;
				ENABLE_STRICT_OBJC_MSGSEND = YES;
				ENABLE_TESTABILITY = YES;
				GCC_C_LANGUAGE_STANDARD = gnu11;
				GCC_DYNAMIC_NO_PIC = NO;
				GCC_NO_COMMON_BLOCKS = YES;
				GCC_OPTIMIZATION_LEVEL = 0;
				GCC_PREPROCESSOR_DEFINITIONS = (
					"DEBUG=1",
					"$(inherited)",
				);
				GCC_WARN_64_TO_32_BIT_CONVERSION = YES;
				GCC_WARN_ABOUT_RETURN_TYPE = YES_ERROR;
				GCC_WARN_UNDECLARED_SELECTOR = YES;
				GCC_WARN_UNINITIALIZED_AUTOS = YES_AGGRESSIVE;
				GCC_WARN_UNUSED_FUNCTION = YES;
				GCC_WARN_UNUSED_VARIABLE = YES;
				IPHONEOS_DEPLOYMENT_TARGET = 13.7;
				MTL_ENABLE_DEBUG_INFO = INCLUDE_SOURCE;
				MTL_FAST_MATH = YES;
				ONLY_ACTIVE_ARCH = YES;
				SDKROOT = iphoneos;
				SWIFT_ACTIVE_COMPILATION_CONDITIONS = DEBUG;
				SWIFT_OPTIMIZATION_LEVEL = "-Onone";
			};
			name = Debug;
		};
		4578E9852540A6F50086D8AB /* Release */ = {
			isa = XCBuildConfiguration;
			buildSettings = {
				ALWAYS_SEARCH_USER_PATHS = NO;
				CLANG_ANALYZER_NONNULL = YES;
				CLANG_ANALYZER_NUMBER_OBJECT_CONVERSION = YES_AGGRESSIVE;
				CLANG_CXX_LANGUAGE_STANDARD = "gnu++14";
				CLANG_CXX_LIBRARY = "libc++";
				CLANG_ENABLE_MODULES = YES;
				CLANG_ENABLE_OBJC_ARC = YES;
				CLANG_ENABLE_OBJC_WEAK = YES;
				CLANG_WARN_BLOCK_CAPTURE_AUTORELEASING = YES;
				CLANG_WARN_BOOL_CONVERSION = YES;
				CLANG_WARN_COMMA = YES;
				CLANG_WARN_CONSTANT_CONVERSION = YES;
				CLANG_WARN_DEPRECATED_OBJC_IMPLEMENTATIONS = YES;
				CLANG_WARN_DIRECT_OBJC_ISA_USAGE = YES_ERROR;
				CLANG_WARN_DOCUMENTATION_COMMENTS = YES;
				CLANG_WARN_EMPTY_BODY = YES;
				CLANG_WARN_ENUM_CONVERSION = YES;
				CLANG_WARN_INFINITE_RECURSION = YES;
				CLANG_WARN_INT_CONVERSION = YES;
				CLANG_WARN_NON_LITERAL_NULL_CONVERSION = YES;
				CLANG_WARN_OBJC_IMPLICIT_RETAIN_SELF = YES;
				CLANG_WARN_OBJC_LITERAL_CONVERSION = YES;
				CLANG_WARN_OBJC_ROOT_CLASS = YES_ERROR;
				CLANG_WARN_RANGE_LOOP_ANALYSIS = YES;
				CLANG_WARN_STRICT_PROTOTYPES = YES;
				CLANG_WARN_SUSPICIOUS_MOVE = YES;
				CLANG_WARN_UNGUARDED_AVAILABILITY = YES_AGGRESSIVE;
				CLANG_WARN_UNREACHABLE_CODE = YES;
				CLANG_WARN__DUPLICATE_METHOD_MATCH = YES;
				COPY_PHASE_STRIP = NO;
				DEBUG_INFORMATION_FORMAT = "dwarf-with-dsym";
				ENABLE_NS_ASSERTIONS = NO;
				ENABLE_STRICT_OBJC_MSGSEND = YES;
				GCC_C_LANGUAGE_STANDARD = gnu11;
				GCC_NO_COMMON_BLOCKS = YES;
				GCC_WARN_64_TO_32_BIT_CONVERSION = YES;
				GCC_WARN_ABOUT_RETURN_TYPE = YES_ERROR;
				GCC_WARN_UNDECLARED_SELECTOR = YES;
				GCC_WARN_UNINITIALIZED_AUTOS = YES_AGGRESSIVE;
				GCC_WARN_UNUSED_FUNCTION = YES;
				GCC_WARN_UNUSED_VARIABLE = YES;
				IPHONEOS_DEPLOYMENT_TARGET = 13.7;
				MTL_ENABLE_DEBUG_INFO = NO;
				MTL_FAST_MATH = YES;
				SDKROOT = iphoneos;
				SWIFT_COMPILATION_MODE = wholemodule;
				SWIFT_OPTIMIZATION_LEVEL = "-O";
				VALIDATE_PRODUCT = YES;
			};
			name = Release;
		};
		4578E9872540A6F50086D8AB /* Debug */ = {
			isa = XCBuildConfiguration;
			buildSettings = {
				ASSETCATALOG_COMPILER_APPICON_NAME = AppIcon;
				CODE_SIGN_STYLE = Automatic;
				INFOPLIST_FILE = TableViewFunS1/Info.plist;
				LD_RUNPATH_SEARCH_PATHS = (
					"$(inherited)",
					"@executable_path/Frameworks",
				);
				PRODUCT_BUNDLE_IDENTIFIER = com.sprint.gina.TableViewFunS1;
				PRODUCT_NAME = "$(TARGET_NAME)";
				SWIFT_VERSION = 5.0;
				TARGETED_DEVICE_FAMILY = "1,2";
			};
			name = Debug;
		};
		4578E9882540A6F50086D8AB /* Release */ = {
			isa = XCBuildConfiguration;
			buildSettings = {
				ASSETCATALOG_COMPILER_APPICON_NAME = AppIcon;
				CODE_SIGN_STYLE = Automatic;
				INFOPLIST_FILE = TableViewFunS1/Info.plist;
				LD_RUNPATH_SEARCH_PATHS = (
					"$(inherited)",
					"@executable_path/Frameworks",
				);
				PRODUCT_BUNDLE_IDENTIFIER = com.sprint.gina.TableViewFunS1;
				PRODUCT_NAME = "$(TARGET_NAME)";
				SWIFT_VERSION = 5.0;
				TARGETED_DEVICE_FAMILY = "1,2";
			};
			name = Release;
		};
/* End XCBuildConfiguration section */

/* Begin XCConfigurationList section */
		4578E96D2540A6F30086D8AB /* Build configuration list for PBXProject "TableViewFunS1" */ = {
			isa = XCConfigurationList;
			buildConfigurations = (
				4578E9842540A6F50086D8AB /* Debug */,
				4578E9852540A6F50086D8AB /* Release */,
			);
			defaultConfigurationIsVisible = 0;
			defaultConfigurationName = Release;
		};
		4578E9862540A6F50086D8AB /* Build configuration list for PBXNativeTarget "TableViewFunS1" */ = {
			isa = XCConfigurationList;
			buildConfigurations = (
				4578E9872540A6F50086D8AB /* Debug */,
				4578E9882540A6F50086D8AB /* Release */,
			);
			defaultConfigurationIsVisible = 0;
			defaultConfigurationName = Release;
		};
/* End XCConfigurationList section */
	};
	rootObject = 4578E96A2540A6F30086D8AB /* Project object */;
}
